// !$*UTF8*$!
{
	archiveVersion = 1;
	classes = {
	};
	objectVersion = 56;
	objects = {

/* Begin PBXBuildFile section */
		183B681A2904A8D70004AA6D /* AchievementsView.swift in Sources */ = {isa = PBXBuildFile; fileRef = 183B68192904A8D70004AA6D /* AchievementsView.swift */; };
		1843DDCB28FAB51600514DAA /* TodoHeroApp.swift in Sources */ = {isa = PBXBuildFile; fileRef = 1843DDCA28FAB51600514DAA /* TodoHeroApp.swift */; };
		1843DDCD28FAB51600514DAA /* ContentView.swift in Sources */ = {isa = PBXBuildFile; fileRef = 1843DDCC28FAB51600514DAA /* ContentView.swift */; };
		1843DDCF28FAB51900514DAA /* Assets.xcassets in Resources */ = {isa = PBXBuildFile; fileRef = 1843DDCE28FAB51900514DAA /* Assets.xcassets */; };
		1843DDD228FAB51900514DAA /* Preview Assets.xcassets in Resources */ = {isa = PBXBuildFile; fileRef = 1843DDD128FAB51900514DAA /* Preview Assets.xcassets */; };
		1843DDDA28FAB5B100514DAA /* TodoHero.xcdatamodeld in Sources */ = {isa = PBXBuildFile; fileRef = 1843DDD828FAB5B100514DAA /* TodoHero.xcdatamodeld */; };
		1843DDDC28FAB77800514DAA /* Persistent.swift in Sources */ = {isa = PBXBuildFile; fileRef = 1843DDDB28FAB77800514DAA /* Persistent.swift */; };
		1843DDDE28FABC8000514DAA /* ListRowView.swift in Sources */ = {isa = PBXBuildFile; fileRef = 1843DDDD28FABC8000514DAA /* ListRowView.swift */; };
		1843DDE028FAC2E900514DAA /* TodoManager.swift in Sources */ = {isa = PBXBuildFile; fileRef = 1843DDDF28FAC2E900514DAA /* TodoManager.swift */; };
		1843DDE228FACD2500514DAA /* ListView.swift in Sources */ = {isa = PBXBuildFile; fileRef = 1843DDE128FACD2500514DAA /* ListView.swift */; };
		1843DDE428FAD2D100514DAA /* AddTaskView.swift in Sources */ = {isa = PBXBuildFile; fileRef = 1843DDE328FAD2D100514DAA /* AddTaskView.swift */; };
		187C212D28FF6E66000369CC /* ExperienceBarView.swift in Sources */ = {isa = PBXBuildFile; fileRef = 187C212C28FF6E66000369CC /* ExperienceBarView.swift */; };
		187C212F28FF7B8D000369CC /* StatusView.swift in Sources */ = {isa = PBXBuildFile; fileRef = 187C212E28FF7B8D000369CC /* StatusView.swift */; };
		187C213128FF8A01000369CC /* LevelupView.swift in Sources */ = {isa = PBXBuildFile; fileRef = 187C213028FF8A01000369CC /* LevelupView.swift */; };
		18860B8029028A5800BD0503 /* PixelMplus12-Regular.ttf in Resources */ = {isa = PBXBuildFile; fileRef = 18860B7F29028A5700BD0503 /* PixelMplus12-Regular.ttf */; };
		18860B832902926200BD0503 /* InitializationView.swift in Sources */ = {isa = PBXBuildFile; fileRef = 18860B822902926200BD0503 /* InitializationView.swift */; };
/* End PBXBuildFile section */

/* Begin PBXFileReference section */
		183B68192904A8D70004AA6D /* AchievementsView.swift */ = {isa = PBXFileReference; lastKnownFileType = sourcecode.swift; path = AchievementsView.swift; sourceTree = "<group>"; };
		1843DDC728FAB51600514DAA /* TodoHero.app */ = {isa = PBXFileReference; explicitFileType = wrapper.application; includeInIndex = 0; path = TodoHero.app; sourceTree = BUILT_PRODUCTS_DIR; };
		1843DDCA28FAB51600514DAA /* TodoHeroApp.swift */ = {isa = PBXFileReference; lastKnownFileType = sourcecode.swift; path = TodoHeroApp.swift; sourceTree = "<group>"; };
		1843DDCC28FAB51600514DAA /* ContentView.swift */ = {isa = PBXFileReference; lastKnownFileType = sourcecode.swift; path = ContentView.swift; sourceTree = "<group>"; };
		1843DDCE28FAB51900514DAA /* Assets.xcassets */ = {isa = PBXFileReference; lastKnownFileType = folder.assetcatalog; path = Assets.xcassets; sourceTree = "<group>"; };
		1843DDD128FAB51900514DAA /* Preview Assets.xcassets */ = {isa = PBXFileReference; lastKnownFileType = folder.assetcatalog; path = "Preview Assets.xcassets"; sourceTree = "<group>"; };
		1843DDD928FAB5B100514DAA /* TodoHero.xcdatamodel */ = {isa = PBXFileReference; lastKnownFileType = wrapper.xcdatamodel; path = TodoHero.xcdatamodel; sourceTree = "<group>"; };
		1843DDDB28FAB77800514DAA /* Persistent.swift */ = {isa = PBXFileReference; lastKnownFileType = sourcecode.swift; path = Persistent.swift; sourceTree = "<group>"; };
		1843DDDD28FABC8000514DAA /* ListRowView.swift */ = {isa = PBXFileReference; lastKnownFileType = sourcecode.swift; path = ListRowView.swift; sourceTree = "<group>"; };
		1843DDDF28FAC2E900514DAA /* TodoManager.swift */ = {isa = PBXFileReference; lastKnownFileType = sourcecode.swift; path = TodoManager.swift; sourceTree = "<group>"; };
		1843DDE128FACD2500514DAA /* ListView.swift */ = {isa = PBXFileReference; lastKnownFileType = sourcecode.swift; path = ListView.swift; sourceTree = "<group>"; };
		1843DDE328FAD2D100514DAA /* AddTaskView.swift */ = {isa = PBXFileReference; lastKnownFileType = sourcecode.swift; path = AddTaskView.swift; sourceTree = "<group>"; };
		187C212C28FF6E66000369CC /* ExperienceBarView.swift */ = {isa = PBXFileReference; lastKnownFileType = sourcecode.swift; path = ExperienceBarView.swift; sourceTree = "<group>"; };
		187C212E28FF7B8D000369CC /* StatusView.swift */ = {isa = PBXFileReference; lastKnownFileType = sourcecode.swift; path = StatusView.swift; sourceTree = "<group>"; };
		187C213028FF8A01000369CC /* LevelupView.swift */ = {isa = PBXFileReference; lastKnownFileType = sourcecode.swift; path = LevelupView.swift; sourceTree = "<group>"; };
		18860B7F29028A5700BD0503 /* PixelMplus12-Regular.ttf */ = {isa = PBXFileReference; lastKnownFileType = file; path = "PixelMplus12-Regular.ttf"; sourceTree = "<group>"; };
		18860B8129028AA000BD0503 /* Info.plist */ = {isa = PBXFileReference; lastKnownFileType = text.plist; path = Info.plist; sourceTree = "<group>"; };
		18860B822902926200BD0503 /* InitializationView.swift */ = {isa = PBXFileReference; lastKnownFileType = sourcecode.swift; path = InitializationView.swift; sourceTree = "<group>"; };
/* End PBXFileReference section */

/* Begin PBXFrameworksBuildPhase section */
		1843DDC428FAB51600514DAA /* Frameworks */ = {
			isa = PBXFrameworksBuildPhase;
			buildActionMask = 2147483647;
			files = (
			);
			runOnlyForDeploymentPostprocessing = 0;
		};
/* End PBXFrameworksBuildPhase section */

/* Begin PBXGroup section */
		1843DDBE28FAB51600514DAA = {
			isa = PBXGroup;
			children = (
				1843DDC928FAB51600514DAA /* TodoHero */,
				1843DDC828FAB51600514DAA /* Products */,
			);
			sourceTree = "<group>";
		};
		1843DDC828FAB51600514DAA /* Products */ = {
			isa = PBXGroup;
			children = (
				1843DDC728FAB51600514DAA /* TodoHero.app */,
			);
			name = Products;
			sourceTree = "<group>";
		};
		1843DDC928FAB51600514DAA /* TodoHero */ = {
			isa = PBXGroup;
			children = (
				18860B8129028AA000BD0503 /* Info.plist */,
				1843DDCA28FAB51600514DAA /* TodoHeroApp.swift */,
				1843DDCC28FAB51600514DAA /* ContentView.swift */,
				183B68192904A8D70004AA6D /* AchievementsView.swift */,
				187C213028FF8A01000369CC /* LevelupView.swift */,
				1843DDDD28FABC8000514DAA /* ListRowView.swift */,
				1843DDE128FACD2500514DAA /* ListView.swift */,
				1843DDE328FAD2D100514DAA /* AddTaskView.swift */,
				187C212C28FF6E66000369CC /* ExperienceBarView.swift */,
				187C212E28FF7B8D000369CC /* StatusView.swift */,
				18860B822902926200BD0503 /* InitializationView.swift */,
				1843DDDF28FAC2E900514DAA /* TodoManager.swift */,
				1843DDDB28FAB77800514DAA /* Persistent.swift */,
				1843DDD828FAB5B100514DAA /* TodoHero.xcdatamodeld */,
				18860B7F29028A5700BD0503 /* PixelMplus12-Regular.ttf */,
				1843DDCE28FAB51900514DAA /* Assets.xcassets */,
				1843DDD028FAB51900514DAA /* Preview Content */,
			);
			path = TodoHero;
			sourceTree = "<group>";
		};
		1843DDD028FAB51900514DAA /* Preview Content */ = {
			isa = PBXGroup;
			children = (
				1843DDD128FAB51900514DAA /* Preview Assets.xcassets */,
			);
			path = "Preview Content";
			sourceTree = "<group>";
		};
/* End PBXGroup section */

/* Begin PBXNativeTarget section */
		1843DDC628FAB51600514DAA /* TodoHero */ = {
			isa = PBXNativeTarget;
			buildConfigurationList = 1843DDD528FAB51900514DAA /* Build configuration list for PBXNativeTarget "TodoHero" */;
			buildPhases = (
				1843DDC328FAB51600514DAA /* Sources */,
				1843DDC428FAB51600514DAA /* Frameworks */,
				1843DDC528FAB51600514DAA /* Resources */,
			);
			buildRules = (
			);
			dependencies = (
			);
			name = TodoHero;
			productName = TodoHero;
			productReference = 1843DDC728FAB51600514DAA /* TodoHero.app */;
			productType = "com.apple.product-type.application";
		};
/* End PBXNativeTarget section */

/* Begin PBXProject section */
		1843DDBF28FAB51600514DAA /* Project object */ = {
			isa = PBXProject;
			attributes = {
				BuildIndependentTargetsInParallel = 1;
				LastSwiftUpdateCheck = 1400;
				LastUpgradeCheck = 1400;
				TargetAttributes = {
					1843DDC628FAB51600514DAA = {
						CreatedOnToolsVersion = 14.0.1;
					};
				};
			};
			buildConfigurationList = 1843DDC228FAB51600514DAA /* Build configuration list for PBXProject "TodoHero" */;
			compatibilityVersion = "Xcode 14.0";
			developmentRegion = en;
			hasScannedForEncodings = 0;
			knownRegions = (
				en,
				Base,
			);
			mainGroup = 1843DDBE28FAB51600514DAA;
			productRefGroup = 1843DDC828FAB51600514DAA /* Products */;
			projectDirPath = "";
			projectRoot = "";
			targets = (
				1843DDC628FAB51600514DAA /* TodoHero */,
			);
		};
/* End PBXProject section */

/* Begin PBXResourcesBuildPhase section */
		1843DDC528FAB51600514DAA /* Resources */ = {
			isa = PBXResourcesBuildPhase;
			buildActionMask = 2147483647;
			files = (
				18860B8029028A5800BD0503 /* PixelMplus12-Regular.ttf in Resources */,
				1843DDD228FAB51900514DAA /* Preview Assets.xcassets in Resources */,
				1843DDCF28FAB51900514DAA /* Assets.xcassets in Resources */,
			);
			runOnlyForDeploymentPostprocessing = 0;
		};
/* End PBXResourcesBuildPhase section */

/* Begin PBXSourcesBuildPhase section */
		1843DDC328FAB51600514DAA /* Sources */ = {
			isa = PBXSourcesBuildPhase;
			buildActionMask = 2147483647;
			files = (
				1843DDDC28FAB77800514DAA /* Persistent.swift in Sources */,
				1843DDE028FAC2E900514DAA /* TodoManager.swift in Sources */,
				18860B832902926200BD0503 /* InitializationView.swift in Sources */,
				1843DDDA28FAB5B100514DAA /* TodoHero.xcdatamodeld in Sources */,
				187C212D28FF6E66000369CC /* ExperienceBarView.swift in Sources */,
				187C212F28FF7B8D000369CC /* StatusView.swift in Sources */,
				1843DDE428FAD2D100514DAA /* AddTaskView.swift in Sources */,
				1843DDE228FACD2500514DAA /* ListView.swift in Sources */,
				1843DDDE28FABC8000514DAA /* ListRowView.swift in Sources */,
				183B681A2904A8D70004AA6D /* AchievementsView.swift in Sources */,
				1843DDCD28FAB51600514DAA /* ContentView.swift in Sources */,
				1843DDCB28FAB51600514DAA /* TodoHeroApp.swift in Sources */,
				187C213128FF8A01000369CC /* LevelupView.swift in Sources */,
			);
			runOnlyForDeploymentPostprocessing = 0;
		};
/* End PBXSourcesBuildPhase section */

/* Begin XCBuildConfiguration section */
		1843DDD328FAB51900514DAA /* Debug */ = {
			isa = XCBuildConfiguration;
			buildSettings = {
				ALWAYS_SEARCH_USER_PATHS = NO;
				CLANG_ANALYZER_NONNULL = YES;
				CLANG_ANALYZER_NUMBER_OBJECT_CONVERSION = YES_AGGRESSIVE;
				CLANG_CXX_LANGUAGE_STANDARD = "gnu++20";
				CLANG_ENABLE_MODULES = YES;
				CLANG_ENABLE_OBJC_ARC = YES;
				CLANG_ENABLE_OBJC_WEAK = YES;
				CLANG_WARN_BLOCK_CAPTURE_AUTORELEASING = YES;
				CLANG_WARN_BOOL_CONVERSION = YES;
				CLANG_WARN_COMMA = YES;
				CLANG_WARN_CONSTANT_CONVERSION = YES;
				CLANG_WARN_DEPRECATED_OBJC_IMPLEMENTATIONS = YES;
				CLANG_WARN_DIRECT_OBJC_ISA_USAGE = YES_ERROR;
				CLANG_WARN_DOCUMENTATION_COMMENTS = YES;
				CLANG_WARN_EMPTY_BODY = YES;
				CLANG_WARN_ENUM_CONVERSION = YES;
				CLANG_WARN_INFINITE_RECURSION = YES;
				CLANG_WARN_INT_CONVERSION = YES;
				CLANG_WARN_NON_LITERAL_NULL_CONVERSION = YES;
				CLANG_WARN_OBJC_IMPLICIT_RETAIN_SELF = YES;
				CLANG_WARN_OBJC_LITERAL_CONVERSION = YES;
				CLANG_WARN_OBJC_ROOT_CLASS = YES_ERROR;
				CLANG_WARN_QUOTED_INCLUDE_IN_FRAMEWORK_HEADER = YES;
				CLANG_WARN_RANGE_LOOP_ANALYSIS = YES;
				CLANG_WARN_STRICT_PROTOTYPES = YES;
				CLANG_WARN_SUSPICIOUS_MOVE = YES;
				CLANG_WARN_UNGUARDED_AVAILABILITY = YES_AGGRESSIVE;
				CLANG_WARN_UNREACHABLE_CODE = YES;
				CLANG_WARN__DUPLICATE_METHOD_MATCH = YES;
				COPY_PHASE_STRIP = NO;
				DEBUG_INFORMATION_FORMAT = dwarf;
				ENABLE_STRICT_OBJC_MSGSEND = YES;
				ENABLE_TESTABILITY = YES;
				GCC_C_LANGUAGE_STANDARD = gnu11;
				GCC_DYNAMIC_NO_PIC = NO;
				GCC_NO_COMMON_BLOCKS = YES;
				GCC_OPTIMIZATION_LEVEL = 0;
				GCC_PREPROCESSOR_DEFINITIONS = (
					"DEBUG=1",
					"$(inherited)",
				);
				GCC_WARN_64_TO_32_BIT_CONVERSION = YES;
				GCC_WARN_ABOUT_RETURN_TYPE = YES_ERROR;
				GCC_WARN_UNDECLARED_SELECTOR = YES;
				GCC_WARN_UNINITIALIZED_AUTOS = YES_AGGRESSIVE;
				GCC_WARN_UNUSED_FUNCTION = YES;
				GCC_WARN_UNUSED_VARIABLE = YES;
				IPHONEOS_DEPLOYMENT_TARGET = 16.0;
				MTL_ENABLE_DEBUG_INFO = INCLUDE_SOURCE;
				MTL_FAST_MATH = YES;
				ONLY_ACTIVE_ARCH = YES;
				SDKROOT = iphoneos;
				SWIFT_ACTIVE_COMPILATION_CONDITIONS = DEBUG;
				SWIFT_OPTIMIZATION_LEVEL = "-Onone";
			};
			name = Debug;
		};
		1843DDD428FAB51900514DAA /* Release */ = {
			isa = XCBuildConfiguration;
			buildSettings = {
				ALWAYS_SEARCH_USER_PATHS = NO;
				CLANG_ANALYZER_NONNULL = YES;
				CLANG_ANALYZER_NUMBER_OBJECT_CONVERSION = YES_AGGRESSIVE;
				CLANG_CXX_LANGUAGE_STANDARD = "gnu++20";
				CLANG_ENABLE_MODULES = YES;
				CLANG_ENABLE_OBJC_ARC = YES;
				CLANG_ENABLE_OBJC_WEAK = YES;
				CLANG_WARN_BLOCK_CAPTURE_AUTORELEASING = YES;
				CLANG_WARN_BOOL_CONVERSION = YES;
				CLANG_WARN_COMMA = YES;
				CLANG_WARN_CONSTANT_CONVERSION = YES;
				CLANG_WARN_DEPRECATED_OBJC_IMPLEMENTATIONS = YES;
				CLANG_WARN_DIRECT_OBJC_ISA_USAGE = YES_ERROR;
				CLANG_WARN_DOCUMENTATION_COMMENTS = YES;
				CLANG_WARN_EMPTY_BODY = YES;
				CLANG_WARN_ENUM_CONVERSION = YES;
				CLANG_WARN_INFINITE_RECURSION = YES;
				CLANG_WARN_INT_CONVERSION = YES;
				CLANG_WARN_NON_LITERAL_NULL_CONVERSION = YES;
				CLANG_WARN_OBJC_IMPLICIT_RETAIN_SELF = YES;
				CLANG_WARN_OBJC_LITERAL_CONVERSION = YES;
				CLANG_WARN_OBJC_ROOT_CLASS = YES_ERROR;
				CLANG_WARN_QUOTED_INCLUDE_IN_FRAMEWORK_HEADER = YES;
				CLANG_WARN_RANGE_LOOP_ANALYSIS = YES;
				CLANG_WARN_STRICT_PROTOTYPES = YES;
				CLANG_WARN_SUSPICIOUS_MOVE = YES;
				CLANG_WARN_UNGUARDED_AVAILABILITY = YES_AGGRESSIVE;
				CLANG_WARN_UNREACHABLE_CODE = YES;
				CLANG_WARN__DUPLICATE_METHOD_MATCH = YES;
				COPY_PHASE_STRIP = NO;
				DEBUG_INFORMATION_FORMAT = "dwarf-with-dsym";
				ENABLE_NS_ASSERTIONS = NO;
				ENABLE_STRICT_OBJC_MSGSEND = YES;
				GCC_C_LANGUAGE_STANDARD = gnu11;
				GCC_NO_COMMON_BLOCKS = YES;
				GCC_WARN_64_TO_32_BIT_CONVERSION = YES;
				GCC_WARN_ABOUT_RETURN_TYPE = YES_ERROR;
				GCC_WARN_UNDECLARED_SELECTOR = YES;
				GCC_WARN_UNINITIALIZED_AUTOS = YES_AGGRESSIVE;
				GCC_WARN_UNUSED_FUNCTION = YES;
				GCC_WARN_UNUSED_VARIABLE = YES;
				IPHONEOS_DEPLOYMENT_TARGET = 16.0;
				MTL_ENABLE_DEBUG_INFO = NO;
				MTL_FAST_MATH = YES;
				SDKROOT = iphoneos;
				SWIFT_COMPILATION_MODE = wholemodule;
				SWIFT_OPTIMIZATION_LEVEL = "-O";
				VALIDATE_PRODUCT = YES;
			};
			name = Release;
		};
		1843DDD628FAB51900514DAA /* Debug */ = {
			isa = XCBuildConfiguration;
			buildSettings = {
				ASSETCATALOG_COMPILER_APPICON_NAME = AppIcon;
				ASSETCATALOG_COMPILER_GLOBAL_ACCENT_COLOR_NAME = AccentColor;
				CODE_SIGN_STYLE = Automatic;
				CURRENT_PROJECT_VERSION = 1;
				DEVELOPMENT_ASSET_PATHS = "\"TodoHero/Preview Content\"";
				DEVELOPMENT_TEAM = K9B8A25XD6;
				ENABLE_PREVIEWS = YES;
				GENERATE_INFOPLIST_FILE = YES;
				INFOPLIST_FILE = TodoHero/Info.plist;
				INFOPLIST_KEY_UIApplicationSceneManifest_Generation = YES;
				INFOPLIST_KEY_UIApplicationSupportsIndirectInputEvents = YES;
				INFOPLIST_KEY_UILaunchScreen_Generation = YES;
				INFOPLIST_KEY_UISupportedInterfaceOrientations_iPad = "UIInterfaceOrientationPortrait UIInterfaceOrientationPortraitUpsideDown UIInterfaceOrientationLandscapeLeft UIInterfaceOrientationLandscapeRight";
				INFOPLIST_KEY_UISupportedInterfaceOrientations_iPhone = "UIInterfaceOrientationPortrait UIInterfaceOrientationLandscapeLeft UIInterfaceOrientationLandscapeRight";
				LD_RUNPATH_SEARCH_PATHS = (
					"$(inherited)",
					"@executable_path/Frameworks",
				);
				MARKETING_VERSION = 1.0;
				PRODUCT_BUNDLE_IDENTIFIER = com.gmail.karaage335.TodoHero;
				PRODUCT_NAME = "$(TARGET_NAME)";
				SWIFT_EMIT_LOC_STRINGS = YES;
				SWIFT_VERSION = 5.0;
				TARGETED_DEVICE_FAMILY = "1,2";
			};
			name = Debug;
		};
		1843DDD728FAB51900514DAA /* Release */ = {
			isa = XCBuildConfiguration;
			buildSettings = {
				ASSETCATALOG_COMPILER_APPICON_NAME = AppIcon;
				ASSETCATALOG_COMPILER_GLOBAL_ACCENT_COLOR_NAME = AccentColor;
				CODE_SIGN_STYLE = Automatic;
				CURRENT_PROJECT_VERSION = 1;
				DEVELOPMENT_ASSET_PATHS = "\"TodoHero/Preview Content\"";
				DEVELOPMENT_TEAM = K9B8A25XD6;
				ENABLE_PREVIEWS = YES;
				GENERATE_INFOPLIST_FILE = YES;
				INFOPLIST_FILE = TodoHero/Info.plist;
				INFOPLIST_KEY_UIApplicationSceneManifest_Generation = YES;
				INFOPLIST_KEY_UIApplicationSupportsIndirectInputEvents = YES;
				INFOPLIST_KEY_UILaunchScreen_Generation = YES;
				INFOPLIST_KEY_UISupportedInterfaceOrientations_iPad = "UIInterfaceOrientationPortrait UIInterfaceOrientationPortraitUpsideDown UIInterfaceOrientationLandscapeLeft UIInterfaceOrientationLandscapeRight";
				INFOPLIST_KEY_UISupportedInterfaceOrientations_iPhone = "UIInterfaceOrientationPortrait UIInterfaceOrientationLandscapeLeft UIInterfaceOrientationLandscapeRight";
				LD_RUNPATH_SEARCH_PATHS = (
					"$(inherited)",
					"@executable_path/Frameworks",
				);
				MARKETING_VERSION = 1.0;
				PRODUCT_BUNDLE_IDENTIFIER = com.gmail.karaage335.TodoHero;
				PRODUCT_NAME = "$(TARGET_NAME)";
				SWIFT_EMIT_LOC_STRINGS = YES;
				SWIFT_VERSION = 5.0;
				TARGETED_DEVICE_FAMILY = "1,2";
			};
			name = Release;
		};
/* End XCBuildConfiguration section */

/* Begin XCConfigurationList section */
		1843DDC228FAB51600514DAA /* Build configuration list for PBXProject "TodoHero" */ = {
			isa = XCConfigurationList;
			buildConfigurations = (
				1843DDD328FAB51900514DAA /* Debug */,
				1843DDD428FAB51900514DAA /* Release */,
			);
			defaultConfigurationIsVisible = 0;
			defaultConfigurationName = Release;
		};
		1843DDD528FAB51900514DAA /* Build configuration list for PBXNativeTarget "TodoHero" */ = {
			isa = XCConfigurationList;
			buildConfigurations = (
				1843DDD628FAB51900514DAA /* Debug */,
				1843DDD728FAB51900514DAA /* Release */,
			);
			defaultConfigurationIsVisible = 0;
			defaultConfigurationName = Release;
		};
/* End XCConfigurationList section */

/* Begin XCVersionGroup section */
		1843DDD828FAB5B100514DAA /* TodoHero.xcdatamodeld */ = {
			isa = XCVersionGroup;
			children = (
				1843DDD928FAB5B100514DAA /* TodoHero.xcdatamodel */,
			);
			currentVersion = 1843DDD928FAB5B100514DAA /* TodoHero.xcdatamodel */;
			path = TodoHero.xcdatamodeld;
			sourceTree = "<group>";
			versionGroupType = wrapper.xcdatamodel;
		};
/* End XCVersionGroup section */
	};
	rootObject = 1843DDBF28FAB51600514DAA /* Project object */;
}
